{
  "name": "B_P1",
  "lockfileVersion": 3,
  "requires": true,
  "packages": {
    "": {
      "name": "B_P1",
      "dependencies": {
        "sooner": "^1.1.1"
      }
    },
    "node_modules/sooner": {
      "version": "1.1.1",
      "resolved": "https://registry.npmjs.org/sooner/-/sooner-1.1.1.tgz",
      "integrity": "sha512-ETGBaOVvqP+cfjm+GvqaYEKegGLUQIxYoVuMaG4waGg6hTDbvMkLQYvC4mVdRy8qx9i01RWI5whfVrebscFz7A==",
      "license": "MIT"
    }
  }
}
